
Microsoft Visual Studio Solution File, Format Version 12.00
# Visual Studio Version 16
VisualStudioVersion = 16.0.28922.388
MinimumVisualStudioVersion = 10.0.40219.1
Project("{FAE04EC0-301F-11D3-BF4B-00C04F79EFBC}") = "DemoApp", "..\DemoApp\DemoApp.csproj", "{033E9C4E-08D9-4D85-B6FA-A27A969DAFF7}"
EndProject
Global
	GlobalSection(SolutionConfigurationPlatforms) = preSolution
		Debug|Any CPU = Debug|Any CPU
		Release|Any CPU = Release|Any CPU
	EndGlobalSection
	GlobalSection(ProjectConfigurationPlatforms) = postSolution
		{033E9C4E-08D9-4D85-B6FA-A27A969DAFF7}.Debug|Any CPU.ActiveCfg = Debug|Any CPU
		{033E9C4E-08D9-4D85-B6FA-A27A969DAFF7}.Debug|Any CPU.Build.0 = Debug|Any CPU
		{033E9C4E-08D9-4D85-B6FA-A27A969DAFF7}.Release|Any CPU.ActiveCfg = Release|Any CPU
		{033E9C4E-08D9-4D85-B6FA-A27A969DAFF7}.Release|Any CPU.Build.0 = Release|Any CPU
	EndGlobalSection
	GlobalSection(SolutionProperties) = preSolution
		HideSolutionNode = FALSE
	EndGlobalSection
	GlobalSection(ExtensibilityGlobals) = postSolution
		SolutionGuid = {0C94783A-3E1C-467E-9575-6BBFF8820FD9}
	EndGlobalSection
EndGlobal
